# This file is autogenerated, do not edit; changes may be undone by the next 'dep ensure'.


[[projects]]
  name = "github.com/google/go-cmp"
  packages = [
    "cmp",
    "cmp/internal/diff",
    "cmp/internal/function",
    "cmp/internal/value"
  ]
  revision = "3af367b6b30c263d47e8895973edcca9a49cf029"
  version = "v0.2.0"

[[projects]]
  name = "github.com/pkg/errors"
  packages = ["."]
  revision = "645ef00459ed84a119197bfb8d8205042c6df63d"
  version = "v0.8.0"

[[projects]]
  name = "gotest.tools"
  packages = [
    "assert",
    "assert/cmp",
    "fs",
    "internal/difflib",
    "internal/format",
    "internal/source",
    "x/subtest"
  ]
  revision = "14eefd8766a1439cddfc295ecf6327cb422b4bb2"
  version = "v2.0.0"

[solve-meta]
  analyzer-name = "dep"
  analyzer-version = 1
  inputs-digest = "aaffd93d4a7bd79325adeb9630dfe9062f548f22a77d1a016ef5f77cd9a1e7aa"
  solver-name = "gps-cdcl"
  solver-version = 1
